
Microsoft Visual Studio Solution File, Format Version 12.00
# Visual Studio 2013
VisualStudioVersion = 12.0.40629.0
MinimumVisualStudioVersion = 10.0.40219.1
Project("{FAE04EC0-301F-11D3-BF4B-00C04F79EFBC}") = "CaService.Web", "CaService\CaService.Web.csproj", "{F04CCF3C-0930-46CF-BB46-289C614576D3}"
EndProject
Project("{FAE04EC0-301F-11D3-BF4B-00C04F79EFBC}") = "CaService.Data", "CaService.Data\CaService.Data.csproj", "{74C338BA-E8A0-4E4A-A414-DC3593BD7290}"
EndProject
Project("{FAE04EC0-301F-11D3-BF4B-00C04F79EFBC}") = "CaService.Core", "CaService.Core\CaService.Core.csproj", "{02F4C11F-8D80-4A8F-B343-0F684084DB1E}"
EndProject
Project("{FAE04EC0-301F-11D3-BF4B-00C04F79EFBC}") = "CrlWriter", "CrlWriter\CrlWriter.csproj", "{342BC432-7975-4A3F-BEE9-D64F7D4B53B0}"
EndProject
Project("{FAE04EC0-301F-11D3-BF4B-00C04F79EFBC}") = "CrlWriterService", "CrlWriterService\CrlWriterService.csproj", "{8FFCB333-159E-4931-BE98-ED1A4DFFE5F3}"
EndProject
Project("{FAE04EC0-301F-11D3-BF4B-00C04F79EFBC}") = "CaService.Web.Tests", "CaService.Web.Tests\CaService.Web.Tests.csproj", "{4C9C52F5-5988-426B-AAA5-9558FAD45017}"
EndProject
Global
	GlobalSection(SolutionConfigurationPlatforms) = preSolution
		Debug|Any CPU = Debug|Any CPU
		PreProd|Any CPU = PreProd|Any CPU
		Prod|Any CPU = Prod|Any CPU
		Release|Any CPU = Release|Any CPU
		Staging|Any CPU = Staging|Any CPU
		Test2017|Any CPU = Test2017|Any CPU
		Test4|Any CPU = Test4|Any CPU
	EndGlobalSection
	GlobalSection(ProjectConfigurationPlatforms) = postSolution
		{F04CCF3C-0930-46CF-BB46-289C614576D3}.Debug|Any CPU.ActiveCfg = Debug|Any CPU
		{F04CCF3C-0930-46CF-BB46-289C614576D3}.Debug|Any CPU.Build.0 = Debug|Any CPU
		{F04CCF3C-0930-46CF-BB46-289C614576D3}.PreProd|Any CPU.ActiveCfg = PreProd|Any CPU
		{F04CCF3C-0930-46CF-BB46-289C614576D3}.PreProd|Any CPU.Build.0 = PreProd|Any CPU
		{F04CCF3C-0930-46CF-BB46-289C614576D3}.Prod|Any CPU.ActiveCfg = Prod|Any CPU
		{F04CCF3C-0930-46CF-BB46-289C614576D3}.Prod|Any CPU.Build.0 = Prod|Any CPU
		{F04CCF3C-0930-46CF-BB46-289C614576D3}.Release|Any CPU.ActiveCfg = Release|Any CPU
		{F04CCF3C-0930-46CF-BB46-289C614576D3}.Release|Any CPU.Build.0 = Release|Any CPU
		{F04CCF3C-0930-46CF-BB46-289C614576D3}.Staging|Any CPU.ActiveCfg = Staging|Any CPU
		{F04CCF3C-0930-46CF-BB46-289C614576D3}.Staging|Any CPU.Build.0 = Staging|Any CPU
		{F04CCF3C-0930-46CF-BB46-289C614576D3}.Test2017|Any CPU.ActiveCfg = Test2017|Any CPU
		{F04CCF3C-0930-46CF-BB46-289C614576D3}.Test2017|Any CPU.Build.0 = Test2017|Any CPU
		{F04CCF3C-0930-46CF-BB46-289C614576D3}.Test4|Any CPU.ActiveCfg = Test4|Any CPU
		{F04CCF3C-0930-46CF-BB46-289C614576D3}.Test4|Any CPU.Build.0 = Test4|Any CPU
		{74C338BA-E8A0-4E4A-A414-DC3593BD7290}.Debug|Any CPU.ActiveCfg = Debug|Any CPU
		{74C338BA-E8A0-4E4A-A414-DC3593BD7290}.Debug|Any CPU.Build.0 = Debug|Any CPU
		{74C338BA-E8A0-4E4A-A414-DC3593BD7290}.PreProd|Any CPU.ActiveCfg = PreProd|Any CPU
		{74C338BA-E8A0-4E4A-A414-DC3593BD7290}.PreProd|Any CPU.Build.0 = PreProd|Any CPU
		{74C338BA-E8A0-4E4A-A414-DC3593BD7290}.Prod|Any CPU.ActiveCfg = Prod|Any CPU
		{74C338BA-E8A0-4E4A-A414-DC3593BD7290}.Prod|Any CPU.Build.0 = Prod|Any CPU
		{74C338BA-E8A0-4E4A-A414-DC3593BD7290}.Release|Any CPU.ActiveCfg = Release|Any CPU
		{74C338BA-E8A0-4E4A-A414-DC3593BD7290}.Release|Any CPU.Build.0 = Release|Any CPU
		{74C338BA-E8A0-4E4A-A414-DC3593BD7290}.Staging|Any CPU.ActiveCfg = Staging|Any CPU
		{74C338BA-E8A0-4E4A-A414-DC3593BD7290}.Staging|Any CPU.Build.0 = Staging|Any CPU
		{74C338BA-E8A0-4E4A-A414-DC3593BD7290}.Test2017|Any CPU.ActiveCfg = Test2017|Any CPU
		{74C338BA-E8A0-4E4A-A414-DC3593BD7290}.Test2017|Any CPU.Build.0 = Test2017|Any CPU
		{74C338BA-E8A0-4E4A-A414-DC3593BD7290}.Test4|Any CPU.ActiveCfg = Test4|Any CPU
		{74C338BA-E8A0-4E4A-A414-DC3593BD7290}.Test4|Any CPU.Build.0 = Test4|Any CPU
		{02F4C11F-8D80-4A8F-B343-0F684084DB1E}.Debug|Any CPU.ActiveCfg = Debug|Any CPU
		{02F4C11F-8D80-4A8F-B343-0F684084DB1E}.Debug|Any CPU.Build.0 = Debug|Any CPU
		{02F4C11F-8D80-4A8F-B343-0F684084DB1E}.PreProd|Any CPU.ActiveCfg = PreProd|Any CPU
		{02F4C11F-8D80-4A8F-B343-0F684084DB1E}.PreProd|Any CPU.Build.0 = PreProd|Any CPU
		{02F4C11F-8D80-4A8F-B343-0F684084DB1E}.Prod|Any CPU.ActiveCfg = Prod|Any CPU
		{02F4C11F-8D80-4A8F-B343-0F684084DB1E}.Prod|Any CPU.Build.0 = Prod|Any CPU
		{02F4C11F-8D80-4A8F-B343-0F684084DB1E}.Release|Any CPU.ActiveCfg = Release|Any CPU
		{02F4C11F-8D80-4A8F-B343-0F684084DB1E}.Release|Any CPU.Build.0 = Release|Any CPU
		{02F4C11F-8D80-4A8F-B343-0F684084DB1E}.Staging|Any CPU.ActiveCfg = Staging|Any CPU
		{02F4C11F-8D80-4A8F-B343-0F684084DB1E}.Staging|Any CPU.Build.0 = Staging|Any CPU
		{02F4C11F-8D80-4A8F-B343-0F684084DB1E}.Test2017|Any CPU.ActiveCfg = Test2017|Any CPU
		{02F4C11F-8D80-4A8F-B343-0F684084DB1E}.Test2017|Any CPU.Build.0 = Test2017|Any CPU
		{02F4C11F-8D80-4A8F-B343-0F684084DB1E}.Test4|Any CPU.ActiveCfg = Test4|Any CPU
		{02F4C11F-8D80-4A8F-B343-0F684084DB1E}.Test4|Any CPU.Build.0 = Test4|Any CPU
		{342BC432-7975-4A3F-BEE9-D64F7D4B53B0}.Debug|Any CPU.ActiveCfg = Debug|Any CPU
		{342BC432-7975-4A3F-BEE9-D64F7D4B53B0}.Debug|Any CPU.Build.0 = Debug|Any CPU
		{342BC432-7975-4A3F-BEE9-D64F7D4B53B0}.PreProd|Any CPU.ActiveCfg = PreProd|Any CPU
		{342BC432-7975-4A3F-BEE9-D64F7D4B53B0}.PreProd|Any CPU.Build.0 = PreProd|Any CPU
		{342BC432-7975-4A3F-BEE9-D64F7D4B53B0}.Prod|Any CPU.ActiveCfg = Prod|Any CPU
		{342BC432-7975-4A3F-BEE9-D64F7D4B53B0}.Prod|Any CPU.Build.0 = Prod|Any CPU
		{342BC432-7975-4A3F-BEE9-D64F7D4B53B0}.Release|Any CPU.ActiveCfg = Release|Any CPU
		{342BC432-7975-4A3F-BEE9-D64F7D4B53B0}.Release|Any CPU.Build.0 = Release|Any CPU
		{342BC432-7975-4A3F-BEE9-D64F7D4B53B0}.Staging|Any CPU.ActiveCfg = Staging|Any CPU
		{342BC432-7975-4A3F-BEE9-D64F7D4B53B0}.Staging|Any CPU.Build.0 = Staging|Any CPU
		{342BC432-7975-4A3F-BEE9-D64F7D4B53B0}.Test2017|Any CPU.ActiveCfg = Test2017|Any CPU
		{342BC432-7975-4A3F-BEE9-D64F7D4B53B0}.Test2017|Any CPU.Build.0 = Test2017|Any CPU
		{342BC432-7975-4A3F-BEE9-D64F7D4B53B0}.Test4|Any CPU.ActiveCfg = Test4|Any CPU
		{342BC432-7975-4A3F-BEE9-D64F7D4B53B0}.Test4|Any CPU.Build.0 = Test4|Any CPU
		{8FFCB333-159E-4931-BE98-ED1A4DFFE5F3}.Debug|Any CPU.ActiveCfg = Debug|Any CPU
		{8FFCB333-159E-4931-BE98-ED1A4DFFE5F3}.Debug|Any CPU.Build.0 = Debug|Any CPU
		{8FFCB333-159E-4931-BE98-ED1A4DFFE5F3}.PreProd|Any CPU.ActiveCfg = PreProd|Any CPU
		{8FFCB333-159E-4931-BE98-ED1A4DFFE5F3}.PreProd|Any CPU.Build.0 = PreProd|Any CPU
		{8FFCB333-159E-4931-BE98-ED1A4DFFE5F3}.Prod|Any CPU.ActiveCfg = Prod|Any CPU
		{8FFCB333-159E-4931-BE98-ED1A4DFFE5F3}.Prod|Any CPU.Build.0 = Prod|Any CPU
		{8FFCB333-159E-4931-BE98-ED1A4DFFE5F3}.Release|Any CPU.ActiveCfg = Release|Any CPU
		{8FFCB333-159E-4931-BE98-ED1A4DFFE5F3}.Release|Any CPU.Build.0 = Release|Any CPU
		{8FFCB333-159E-4931-BE98-ED1A4DFFE5F3}.Staging|Any CPU.ActiveCfg = Staging|Any CPU
		{8FFCB333-159E-4931-BE98-ED1A4DFFE5F3}.Staging|Any CPU.Build.0 = Staging|Any CPU
		{8FFCB333-159E-4931-BE98-ED1A4DFFE5F3}.Test2017|Any CPU.ActiveCfg = Test2017|Any CPU
		{8FFCB333-159E-4931-BE98-ED1A4DFFE5F3}.Test2017|Any CPU.Build.0 = Test2017|Any CPU
		{8FFCB333-159E-4931-BE98-ED1A4DFFE5F3}.Test4|Any CPU.ActiveCfg = Test4|Any CPU
		{8FFCB333-159E-4931-BE98-ED1A4DFFE5F3}.Test4|Any CPU.Build.0 = Test4|Any CPU
		{4C9C52F5-5988-426B-AAA5-9558FAD45017}.Debug|Any CPU.ActiveCfg = Debug|Any CPU
		{4C9C52F5-5988-426B-AAA5-9558FAD45017}.Debug|Any CPU.Build.0 = Debug|Any CPU
		{4C9C52F5-5988-426B-AAA5-9558FAD45017}.PreProd|Any CPU.ActiveCfg = PreProd|Any CPU
		{4C9C52F5-5988-426B-AAA5-9558FAD45017}.PreProd|Any CPU.Build.0 = PreProd|Any CPU
		{4C9C52F5-5988-426B-AAA5-9558FAD45017}.Prod|Any CPU.ActiveCfg = Prod|Any CPU
		{4C9C52F5-5988-426B-AAA5-9558FAD45017}.Prod|Any CPU.Build.0 = Prod|Any CPU
		{4C9C52F5-5988-426B-AAA5-9558FAD45017}.Release|Any CPU.ActiveCfg = Release|Any CPU
		{4C9C52F5-5988-426B-AAA5-9558FAD45017}.Release|Any CPU.Build.0 = Release|Any CPU
		{4C9C52F5-5988-426B-AAA5-9558FAD45017}.Staging|Any CPU.ActiveCfg = Staging|Any CPU
		{4C9C52F5-5988-426B-AAA5-9558FAD45017}.Staging|Any CPU.Build.0 = Staging|Any CPU
		{4C9C52F5-5988-426B-AAA5-9558FAD45017}.Test2017|Any CPU.ActiveCfg = Test2017|Any CPU
		{4C9C52F5-5988-426B-AAA5-9558FAD45017}.Test2017|Any CPU.Build.0 = Test2017|Any CPU
		{4C9C52F5-5988-426B-AAA5-9558FAD45017}.Test4|Any CPU.ActiveCfg = Test4|Any CPU
		{4C9C52F5-5988-426B-AAA5-9558FAD45017}.Test4|Any CPU.Build.0 = Test4|Any CPU
	EndGlobalSection
	GlobalSection(SolutionProperties) = preSolution
		HideSolutionNode = FALSE
	EndGlobalSection
EndGlobal
