
Microsoft Visual Studio Solution File, Format Version 12.00
# Visual Studio 2013
VisualStudioVersion = 12.0.31101.0
MinimumVisualStudioVersion = 10.0.40219.1
Project("{FAE04EC0-301F-11D3-BF4B-00C04F79EFBC}") = "Ses.Certman", "Certman\Ses.Certman.csproj", "{06919A30-70F0-4D51-BF93-13CD8C47B1F6}"
	ProjectSection(ProjectDependencies) = postProject
		{02F4C11F-8D80-4A8F-B343-0F684084DB1E} = {02F4C11F-8D80-4A8F-B343-0F684084DB1E}
	EndProjectSection
EndProject
Project("{2150E333-8FDC-42A3-9474-1A3956D46DE8}") = ".nuget", ".nuget", "{EDB47A7B-A806-4400-9F78-EF421BD66B36}"
	ProjectSection(SolutionItems) = preProject
		.nuget\NuGet.Config = .nuget\NuGet.Config
	EndProjectSection
EndProject
Project("{FAE04EC0-301F-11D3-BF4B-00C04F79EFBC}") = "CaService.Core", "..\..\CaService.Core\CaService.Core.csproj", "{02F4C11F-8D80-4A8F-B343-0F684084DB1E}"
EndProject
Global
	GlobalSection(SolutionConfigurationPlatforms) = preSolution
		Debug|Any CPU = Debug|Any CPU
		Release|Any CPU = Release|Any CPU
		Test2|Any CPU = Test2|Any CPU
	EndGlobalSection
	GlobalSection(ProjectConfigurationPlatforms) = postSolution
		{06919A30-70F0-4D51-BF93-13CD8C47B1F6}.Debug|Any CPU.ActiveCfg = Debug|Any CPU
		{06919A30-70F0-4D51-BF93-13CD8C47B1F6}.Debug|Any CPU.Build.0 = Debug|Any CPU
		{06919A30-70F0-4D51-BF93-13CD8C47B1F6}.Release|Any CPU.ActiveCfg = Release|Any CPU
		{06919A30-70F0-4D51-BF93-13CD8C47B1F6}.Release|Any CPU.Build.0 = Release|Any CPU
		{06919A30-70F0-4D51-BF93-13CD8C47B1F6}.Test2|Any CPU.ActiveCfg = Release|Any CPU
		{06919A30-70F0-4D51-BF93-13CD8C47B1F6}.Test2|Any CPU.Build.0 = Release|Any CPU
		{02F4C11F-8D80-4A8F-B343-0F684084DB1E}.Debug|Any CPU.ActiveCfg = Debug|Any CPU
		{02F4C11F-8D80-4A8F-B343-0F684084DB1E}.Debug|Any CPU.Build.0 = Debug|Any CPU
		{02F4C11F-8D80-4A8F-B343-0F684084DB1E}.Release|Any CPU.ActiveCfg = Release|Any CPU
		{02F4C11F-8D80-4A8F-B343-0F684084DB1E}.Release|Any CPU.Build.0 = Release|Any CPU
		{02F4C11F-8D80-4A8F-B343-0F684084DB1E}.Test2|Any CPU.ActiveCfg = Test2|Any CPU
		{02F4C11F-8D80-4A8F-B343-0F684084DB1E}.Test2|Any CPU.Build.0 = Test2|Any CPU
	EndGlobalSection
	GlobalSection(SolutionProperties) = preSolution
		HideSolutionNode = FALSE
	EndGlobalSection
EndGlobal

